{
  "lockfileVersion": "9.0",
  "settings": {
    "autoInstallPeers": true,
    "excludeLinksFromLockfile": false
  },
  "importers": {
    ".": {
      "dependencies": {
        "@hookform/resolvers": {
          "specifier": "^3.10.0",
          "version": "3.10.0"
        },
        "@radix-ui/react-accordion": {
          "specifier": "latest",
          "version": "1.0.0"
        },
        "@radix-ui/react-alert-dialog": {
          "specifier": "latest",
          "version": "1.0.0"
        },
        "@radix-ui/react-aspect-ratio": {
          "specifier": "latest",
          "version": "1.0.0"
        },
        "@radix-ui/react-avatar": {
          "specifier": "latest",
          "version": "1.0.0"
        },
        "@radix-ui/react-checkbox": {
          "specifier": "latest",
          "version": "1.0.0"
        },
        "@radix-ui/react-collapsible": {
          "specifier": "latest",
          "version": "1.0.0"
        },
        "@radix-ui/react-context-menu": {
          "specifier": "latest",
          "version": "1.0.0"
        },
        "@radix-ui/react-dialog": {
          "specifier": "latest",
          "version": "1.0.0"
        },
        "@radix-ui/react-dropdown-menu": {
          "specifier": "latest",
          "version": "1.0.0"
        },
        "@radix-ui/react-hover-card": {
          "specifier": "latest",
          "version": "1.0.0"
        },
        "@radix-ui/react-label": {
          "specifier": "latest",
          "version": "1.0.0"
        },
        "@radix-ui/react-menubar": {
          "specifier": "latest",
          "version": "1.0.0"
        },
        "@radix-ui/react-navigation-menu": {
          "specifier": "latest",
          "version": "1.0.0"
        },
        "@radix-ui/react-popover": {
          "specifier": "latest",
          "version": "1.0.0"
        },
        "@radix-ui/react-progress": {
          "specifier": "latest",
          "version": "1.0.0"
        },
        "@radix-ui/react-radio-group": {
          "specifier": "latest",
          "version": "1.0.0"
        },
        "@radix-ui/react-scroll-area": {
          "specifier": "latest",
          "version": "1.0.0"
        },
        "@radix-ui/react-select": {
          "specifier": "latest",
          "version": "1.0.0"
        },
        "@radix-ui/react-separator": {
          "specifier": "latest",
          "version": "1.0.0"
        },
        "@radix-ui/react-slider": {
          "specifier": "latest",
          "version": "1.0.0"
        },
        "@radix-ui/react-slot": {
          "specifier": "latest",
          "version": "1.0.0"
        },
        "@radix-ui/react-switch": {
          "specifier": "latest",
          "version": "1.0.0"
        },
        "@radix-ui/react-tabs": {
          "specifier": "latest",
          "version": "1.0.0"
        },
        "@radix-ui/react-toast": {
          "specifier": "latest",
          "version": "1.0.0"
        },
        "@radix-ui/react-toggle": {
          "specifier": "latest",
          "version": "1.0.0"
        },
        "@radix-ui/react-toggle-group": {
          "specifier": "latest",
          "version": "1.0.0"
        },
        "@radix-ui/react-tooltip": {
          "specifier": "latest",
          "version": "1.0.0"
        },
        "@supabase/ssr": {
          "specifier": "latest",
          "version": "1.0.0"
        },
        "@supabase/supabase-js": {
          "specifier": "latest",
          "version": "1.0.0"
        },
        "@tailwindcss/typography": {
          "specifier": "^0.5.19",
          "version": "0.5.19"
        },
        "@vercel/analytics": {
          "specifier": "latest",
          "version": "1.0.0"
        },
        "autoprefixer": {
          "specifier": "^10.4.20",
          "version": "10.4.20"
        },
        "class-variance-authority": {
          "specifier": "^0.7.1",
          "version": "0.7.1"
        },
        "clsx": {
          "specifier": "^2.1.1",
          "version": "2.1.1"
        },
        "cmdk": {
          "specifier": "latest",
          "version": "1.0.0"
        },
        "csv-parse": {
          "specifier": "^6.1.0",
          "version": "6.1.0"
        },
        "date-fns": {
          "specifier": "4.1.0",
          "version": "4.1.0"
        },
        "embla-carousel-react": {
          "specifier": "latest",
          "version": "1.0.0"
        },
        "input-otp": {
          "specifier": "latest",
          "version": "1.0.0"
        },
        "lucide-react": {
          "specifier": "^0.454.0",
          "version": "0.454.0"
        },
        "next": {
          "specifier": "16.0.0",
          "version": "16.0.0"
        },
        "next-themes": {
          "specifier": "latest",
          "version": "1.0.0"
        },
        "react": {
          "specifier": "19.2.0",
          "version": "19.2.0"
        },
        "react-day-picker": {
          "specifier": "latest",
          "version": "1.0.0"
        },
        "react-dom": {
          "specifier": "19.2.0",
          "version": "19.2.0"
        },
        "react-hook-form": {
          "specifier": "latest",
          "version": "1.0.0"
        },
        "react-resizable-panels": {
          "specifier": "latest",
          "version": "1.0.0"
        },
        "recharts": {
          "specifier": "latest",
          "version": "1.0.0"
        },
        "sonner": {
          "specifier": "latest",
          "version": "1.0.0"
        },
        "tailwind-merge": {
          "specifier": "^2.5.5",
          "version": "2.5.5"
        },
        "tailwindcss-animate": {
          "specifier": "^1.0.7",
          "version": "1.0.7"
        },
        "vaul": {
          "specifier": "latest",
          "version": "1.0.0"
        },
        "zod": {
          "specifier": "3.25.76",
          "version": "3.25.76"
        }
      },
      "devDependencies": {
        "@playwright/test": {
          "specifier": "^1.56.1",
          "version": "1.56.1"
        },
        "@tailwindcss/postcss": {
          "specifier": "^4.1.9",
          "version": "4.1.9"
        },
        "@types/node": {
          "specifier": "^22",
          "version": "22"
        },
        "@types/react": {
          "specifier": "^19",
          "version": "19"
        },
        "@types/react-dom": {
          "specifier": "^19",
          "version": "19"
        },
        "postcss": {
          "specifier": "^8.5",
          "version": "8.5"
        },
        "tailwindcss": {
          "specifier": "^4.1.9",
          "version": "4.1.9"
        },
        "tw-animate-css": {
          "specifier": "1.3.3",
          "version": "1.3.3"
        },
        "typescript": {
          "specifier": "^5",
          "version": "5"
        }
      }
    }
  },
  "packages": {}
}